// !$*UTF8*$!
{
	archiveVersion = 1;
	classes = {
	};
	objectVersion = 46;
	objects = {

/* Begin PBXBuildFile section */
		843E02361D1A3F8D00FD356A /* AppDelegate.swift in Sources */ = {isa = PBXBuildFile; fileRef = 843E02351D1A3F8D00FD356A /* AppDelegate.swift */; };
		843E02381D1A3F8D00FD356A /* ViewController.swift in Sources */ = {isa = PBXBuildFile; fileRef = 843E02371D1A3F8D00FD356A /* ViewController.swift */; };
		843E023D1D1A3F8D00FD356A /* Assets.xcassets in Resources */ = {isa = PBXBuildFile; fileRef = 843E023C1D1A3F8D00FD356A /* Assets.xcassets */; };
		843E024B1D1A3F8D00FD356A /* Swift_____Tests.swift in Sources */ = {isa = PBXBuildFile; fileRef = 843E024A1D1A3F8D00FD356A /* Swift_____Tests.swift */; };
		843E02561D1A3F8D00FD356A /* Swift_____UITests.swift in Sources */ = {isa = PBXBuildFile; fileRef = 843E02551D1A3F8D00FD356A /* Swift_____UITests.swift */; };
/* End PBXBuildFile section */

/* Begin PBXContainerItemProxy section */
		843E02471D1A3F8D00FD356A /* PBXContainerItemProxy */ = {
			isa = PBXContainerItemProxy;
			containerPortal = 843E022A1D1A3F8D00FD356A /* Project object */;
			proxyType = 1;
			remoteGlobalIDString = 843E02311D1A3F8D00FD356A;
			remoteInfo = "Swift 功能封装";
		};
		843E02521D1A3F8D00FD356A /* PBXContainerItemProxy */ = {
			isa = PBXContainerItemProxy;
			containerPortal = 843E022A1D1A3F8D00FD356A /* Project object */;
			proxyType = 1;
			remoteGlobalIDString = 843E02311D1A3F8D00FD356A;
			remoteInfo = "Swift 功能封装";
		};
/* End PBXContainerItemProxy section */

/* Begin PBXFileReference section */
		843E02321D1A3F8D00FD356A /* Swift 功能封装.app */ = {isa = PBXFileReference; explicitFileType = wrapper.application; includeInIndex = 0; path = "Swift 功能封装.app"; sourceTree = BUILT_PRODUCTS_DIR; };
		843E02351D1A3F8D00FD356A /* AppDelegate.swift */ = {isa = PBXFileReference; lastKnownFileType = sourcecode.swift; path = AppDelegate.swift; sourceTree = "<group>"; };
		843E02371D1A3F8D00FD356A /* ViewController.swift */ = {isa = PBXFileReference; lastKnownFileType = sourcecode.swift; path = ViewController.swift; sourceTree = "<group>"; };
		843E023C1D1A3F8D00FD356A /* Assets.xcassets */ = {isa = PBXFileReference; lastKnownFileType = folder.assetcatalog; path = Assets.xcassets; sourceTree = "<group>"; };
		843E02411D1A3F8D00FD356A /* Info.plist */ = {isa = PBXFileReference; lastKnownFileType = text.plist.xml; path = Info.plist; sourceTree = "<group>"; };
		843E02461D1A3F8D00FD356A /* Swift 功能封装Tests.xctest */ = {isa = PBXFileReference; explicitFileType = wrapper.cfbundle; includeInIndex = 0; path = "Swift 功能封装Tests.xctest"; sourceTree = BUILT_PRODUCTS_DIR; };
		843E024A1D1A3F8D00FD356A /* Swift_____Tests.swift */ = {isa = PBXFileReference; lastKnownFileType = sourcecode.swift; path = "Swift_____Tests.swift"; sourceTree = "<group>"; };
		843E024C1D1A3F8D00FD356A /* Info.plist */ = {isa = PBXFileReference; lastKnownFileType = text.plist.xml; path = Info.plist; sourceTree = "<group>"; };
		843E02511D1A3F8D00FD356A /* Swift 功能封装UITests.xctest */ = {isa = PBXFileReference; explicitFileType = wrapper.cfbundle; includeInIndex = 0; path = "Swift 功能封装UITests.xctest"; sourceTree = BUILT_PRODUCTS_DIR; };
		843E02551D1A3F8D00FD356A /* Swift_____UITests.swift */ = {isa = PBXFileReference; lastKnownFileType = sourcecode.swift; path = "Swift_____UITests.swift"; sourceTree = "<group>"; };
		843E02571D1A3F8D00FD356A /* Info.plist */ = {isa = PBXFileReference; lastKnownFileType = text.plist.xml; path = Info.plist; sourceTree = "<group>"; };
/* End PBXFileReference section */

/* Begin PBXFrameworksBuildPhase section */
		843E022F1D1A3F8D00FD356A /* Frameworks */ = {
			isa = PBXFrameworksBuildPhase;
			buildActionMask = 2147483647;
			files = (
			);
			runOnlyForDeploymentPostprocessing = 0;
		};
		843E02431D1A3F8D00FD356A /* Frameworks */ = {
			isa = PBXFrameworksBuildPhase;
			buildActionMask = 2147483647;
			files = (
			);
			runOnlyForDeploymentPostprocessing = 0;
		};
		843E024E1D1A3F8D00FD356A /* Frameworks */ = {
			isa = PBXFrameworksBuildPhase;
			buildActionMask = 2147483647;
			files = (
			);
			runOnlyForDeploymentPostprocessing = 0;
		};
/* End PBXFrameworksBuildPhase section */

/* Begin PBXGroup section */
		843E02291D1A3F8D00FD356A = {
			isa = PBXGroup;
			children = (
				843E02341D1A3F8D00FD356A /* Swift 功能封装 */,
				843E02491D1A3F8D00FD356A /* Swift 功能封装Tests */,
				843E02541D1A3F8D00FD356A /* Swift 功能封装UITests */,
				843E02331D1A3F8D00FD356A /* Products */,
			);
			sourceTree = "<group>";
		};
		843E02331D1A3F8D00FD356A /* Products */ = {
			isa = PBXGroup;
			children = (
				843E02321D1A3F8D00FD356A /* Swift 功能封装.app */,
				843E02461D1A3F8D00FD356A /* Swift 功能封装Tests.xctest */,
				843E02511D1A3F8D00FD356A /* Swift 功能封装UITests.xctest */,
			);
			name = Products;
			sourceTree = "<group>";
		};
		843E02341D1A3F8D00FD356A /* Swift 功能封装 */ = {
			isa = PBXGroup;
			children = (
				843E02351D1A3F8D00FD356A /* AppDelegate.swift */,
				843E02371D1A3F8D00FD356A /* ViewController.swift */,
				843E023C1D1A3F8D00FD356A /* Assets.xcassets */,
				843E02411D1A3F8D00FD356A /* Info.plist */,
			);
			path = "Swift 功能封装";
			sourceTree = "<group>";
		};
		843E02491D1A3F8D00FD356A /* Swift 功能封装Tests */ = {
			isa = PBXGroup;
			children = (
				843E024A1D1A3F8D00FD356A /* Swift_____Tests.swift */,
				843E024C1D1A3F8D00FD356A /* Info.plist */,
			);
			path = "Swift 功能封装Tests";
			sourceTree = "<group>";
		};
		843E02541D1A3F8D00FD356A /* Swift 功能封装UITests */ = {
			isa = PBXGroup;
			children = (
				843E02551D1A3F8D00FD356A /* Swift_____UITests.swift */,
				843E02571D1A3F8D00FD356A /* Info.plist */,
			);
			path = "Swift 功能封装UITests";
			sourceTree = "<group>";
		};
/* End PBXGroup section */

/* Begin PBXNativeTarget section */
		843E02311D1A3F8D00FD356A /* Swift 功能封装 */ = {
			isa = PBXNativeTarget;
			buildConfigurationList = 843E025A1D1A3F8D00FD356A /* Build configuration list for PBXNativeTarget "Swift 功能封装" */;
			buildPhases = (
				843E022E1D1A3F8D00FD356A /* Sources */,
				843E022F1D1A3F8D00FD356A /* Frameworks */,
				843E02301D1A3F8D00FD356A /* Resources */,
			);
			buildRules = (
			);
			dependencies = (
			);
			name = "Swift 功能封装";
			productName = "Swift 功能封装";
			productReference = 843E02321D1A3F8D00FD356A /* Swift 功能封装.app */;
			productType = "com.apple.product-type.application";
		};
		843E02451D1A3F8D00FD356A /* Swift 功能封装Tests */ = {
			isa = PBXNativeTarget;
			buildConfigurationList = 843E025D1D1A3F8D00FD356A /* Build configuration list for PBXNativeTarget "Swift 功能封装Tests" */;
			buildPhases = (
				843E02421D1A3F8D00FD356A /* Sources */,
				843E02431D1A3F8D00FD356A /* Frameworks */,
				843E02441D1A3F8D00FD356A /* Resources */,
			);
			buildRules = (
			);
			dependencies = (
				843E02481D1A3F8D00FD356A /* PBXTargetDependency */,
			);
			name = "Swift 功能封装Tests";
			productName = "Swift 功能封装Tests";
			productReference = 843E02461D1A3F8D00FD356A /* Swift 功能封装Tests.xctest */;
			productType = "com.apple.product-type.bundle.unit-test";
		};
		843E02501D1A3F8D00FD356A /* Swift 功能封装UITests */ = {
			isa = PBXNativeTarget;
			buildConfigurationList = 843E02601D1A3F8D00FD356A /* Build configuration list for PBXNativeTarget "Swift 功能封装UITests" */;
			buildPhases = (
				843E024D1D1A3F8D00FD356A /* Sources */,
				843E024E1D1A3F8D00FD356A /* Frameworks */,
				843E024F1D1A3F8D00FD356A /* Resources */,
			);
			buildRules = (
			);
			dependencies = (
				843E02531D1A3F8D00FD356A /* PBXTargetDependency */,
			);
			name = "Swift 功能封装UITests";
			productName = "Swift 功能封装UITests";
			productReference = 843E02511D1A3F8D00FD356A /* Swift 功能封装UITests.xctest */;
			productType = "com.apple.product-type.bundle.ui-testing";
		};
/* End PBXNativeTarget section */

/* Begin PBXProject section */
		843E022A1D1A3F8D00FD356A /* Project object */ = {
			isa = PBXProject;
			attributes = {
				LastSwiftUpdateCheck = 0730;
				LastUpgradeCheck = 0730;
				ORGANIZATIONNAME = "凯如科技";
				TargetAttributes = {
					843E02311D1A3F8D00FD356A = {
						CreatedOnToolsVersion = 7.3.1;
					};
					843E02451D1A3F8D00FD356A = {
						CreatedOnToolsVersion = 7.3.1;
						TestTargetID = 843E02311D1A3F8D00FD356A;
					};
					843E02501D1A3F8D00FD356A = {
						CreatedOnToolsVersion = 7.3.1;
						TestTargetID = 843E02311D1A3F8D00FD356A;
					};
				};
			};
			buildConfigurationList = 843E022D1D1A3F8D00FD356A /* Build configuration list for PBXProject "Swift 功能封装" */;
			compatibilityVersion = "Xcode 3.2";
			developmentRegion = English;
			hasScannedForEncodings = 0;
			knownRegions = (
				en,
				Base,
			);
			mainGroup = 843E02291D1A3F8D00FD356A;
			productRefGroup = 843E02331D1A3F8D00FD356A /* Products */;
			projectDirPath = "";
			projectRoot = "";
			targets = (
				843E02311D1A3F8D00FD356A /* Swift 功能封装 */,
				843E02451D1A3F8D00FD356A /* Swift 功能封装Tests */,
				843E02501D1A3F8D00FD356A /* Swift 功能封装UITests */,
			);
		};
/* End PBXProject section */

/* Begin PBXResourcesBuildPhase section */
		843E02301D1A3F8D00FD356A /* Resources */ = {
			isa = PBXResourcesBuildPhase;
			buildActionMask = 2147483647;
			files = (
				843E023D1D1A3F8D00FD356A /* Assets.xcassets in Resources */,
			);
			runOnlyForDeploymentPostprocessing = 0;
		};
		843E02441D1A3F8D00FD356A /* Resources */ = {
			isa = PBXResourcesBuildPhase;
			buildActionMask = 2147483647;
			files = (
			);
			runOnlyForDeploymentPostprocessing = 0;
		};
		843E024F1D1A3F8D00FD356A /* Resources */ = {
			isa = PBXResourcesBuildPhase;
			buildActionMask = 2147483647;
			files = (
			);
			runOnlyForDeploymentPostprocessing = 0;
		};
/* End PBXResourcesBuildPhase section */

/* Begin PBXSourcesBuildPhase section */
		843E022E1D1A3F8D00FD356A /* Sources */ = {
			isa = PBXSourcesBuildPhase;
			buildActionMask = 2147483647;
			files = (
				843E02381D1A3F8D00FD356A /* ViewController.swift in Sources */,
				843E02361D1A3F8D00FD356A /* AppDelegate.swift in Sources */,
			);
			runOnlyForDeploymentPostprocessing = 0;
		};
		843E02421D1A3F8D00FD356A /* Sources */ = {
			isa = PBXSourcesBuildPhase;
			buildActionMask = 2147483647;
			files = (
				843E024B1D1A3F8D00FD356A /* Swift_____Tests.swift in Sources */,
			);
			runOnlyForDeploymentPostprocessing = 0;
		};
		843E024D1D1A3F8D00FD356A /* Sources */ = {
			isa = PBXSourcesBuildPhase;
			buildActionMask = 2147483647;
			files = (
				843E02561D1A3F8D00FD356A /* Swift_____UITests.swift in Sources */,
			);
			runOnlyForDeploymentPostprocessing = 0;
		};
/* End PBXSourcesBuildPhase section */

/* Begin PBXTargetDependency section */
		843E02481D1A3F8D00FD356A /* PBXTargetDependency */ = {
			isa = PBXTargetDependency;
			target = 843E02311D1A3F8D00FD356A /* Swift 功能封装 */;
			targetProxy = 843E02471D1A3F8D00FD356A /* PBXContainerItemProxy */;
		};
		843E02531D1A3F8D00FD356A /* PBXTargetDependency */ = {
			isa = PBXTargetDependency;
			target = 843E02311D1A3F8D00FD356A /* Swift 功能封装 */;
			targetProxy = 843E02521D1A3F8D00FD356A /* PBXContainerItemProxy */;
		};
/* End PBXTargetDependency section */

/* Begin XCBuildConfiguration section */
		843E02581D1A3F8D00FD356A /* Debug */ = {
			isa = XCBuildConfiguration;
			buildSettings = {
				ALWAYS_SEARCH_USER_PATHS = NO;
				CLANG_ANALYZER_NONNULL = YES;
				CLANG_CXX_LANGUAGE_STANDARD = "gnu++0x";
				CLANG_CXX_LIBRARY = "libc++";
				CLANG_ENABLE_MODULES = YES;
				CLANG_ENABLE_OBJC_ARC = YES;
				CLANG_WARN_BOOL_CONVERSION = YES;
				CLANG_WARN_CONSTANT_CONVERSION = YES;
				CLANG_WARN_DIRECT_OBJC_ISA_USAGE = YES_ERROR;
				CLANG_WARN_EMPTY_BODY = YES;
				CLANG_WARN_ENUM_CONVERSION = YES;
				CLANG_WARN_INT_CONVERSION = YES;
				CLANG_WARN_OBJC_ROOT_CLASS = YES_ERROR;
				CLANG_WARN_UNREACHABLE_CODE = YES;
				CLANG_WARN__DUPLICATE_METHOD_MATCH = YES;
				"CODE_SIGN_IDENTITY[sdk=iphoneos*]" = "iPhone Developer";
				COPY_PHASE_STRIP = NO;
				DEBUG_INFORMATION_FORMAT = dwarf;
				ENABLE_STRICT_OBJC_MSGSEND = YES;
				ENABLE_TESTABILITY = YES;
				GCC_C_LANGUAGE_STANDARD = gnu99;
				GCC_DYNAMIC_NO_PIC = NO;
				GCC_NO_COMMON_BLOCKS = YES;
				GCC_OPTIMIZATION_LEVEL = 0;
				GCC_PREPROCESSOR_DEFINITIONS = (
					"DEBUG=1",
					"$(inherited)",
				);
				GCC_WARN_64_TO_32_BIT_CONVERSION = YES;
				GCC_WARN_ABOUT_RETURN_TYPE = YES_ERROR;
				GCC_WARN_UNDECLARED_SELECTOR = YES;
				GCC_WARN_UNINITIALIZED_AUTOS = YES_AGGRESSIVE;
				GCC_WARN_UNUSED_FUNCTION = YES;
				GCC_WARN_UNUSED_VARIABLE = YES;
				IPHONEOS_DEPLOYMENT_TARGET = 9.3;
				MTL_ENABLE_DEBUG_INFO = YES;
				ONLY_ACTIVE_ARCH = YES;
				SDKROOT = iphoneos;
				SWIFT_OPTIMIZATION_LEVEL = "-Onone";
				TARGETED_DEVICE_FAMILY = "1,2";
			};
			name = Debug;
		};
		843E02591D1A3F8D00FD356A /* Release */ = {
			isa = XCBuildConfiguration;
			buildSettings = {
				ALWAYS_SEARCH_USER_PATHS = NO;
				CLANG_ANALYZER_NONNULL = YES;
				CLANG_CXX_LANGUAGE_STANDARD = "gnu++0x";
				CLANG_CXX_LIBRARY = "libc++";
				CLANG_ENABLE_MODULES = YES;
				CLANG_ENABLE_OBJC_ARC = YES;
				CLANG_WARN_BOOL_CONVERSION = YES;
				CLANG_WARN_CONSTANT_CONVERSION = YES;
				CLANG_WARN_DIRECT_OBJC_ISA_USAGE = YES_ERROR;
				CLANG_WARN_EMPTY_BODY = YES;
				CLANG_WARN_ENUM_CONVERSION = YES;
				CLANG_WARN_INT_CONVERSION = YES;
				CLANG_WARN_OBJC_ROOT_CLASS = YES_ERROR;
				CLANG_WARN_UNREACHABLE_CODE = YES;
				CLANG_WARN__DUPLICATE_METHOD_MATCH = YES;
				"CODE_SIGN_IDENTITY[sdk=iphoneos*]" = "iPhone Developer";
				COPY_PHASE_STRIP = NO;
				DEBUG_INFORMATION_FORMAT = "dwarf-with-dsym";
				ENABLE_NS_ASSERTIONS = NO;
				ENABLE_STRICT_OBJC_MSGSEND = YES;
				GCC_C_LANGUAGE_STANDARD = gnu99;
				GCC_NO_COMMON_BLOCKS = YES;
				GCC_WARN_64_TO_32_BIT_CONVERSION = YES;
				GCC_WARN_ABOUT_RETURN_TYPE = YES_ERROR;
				GCC_WARN_UNDECLARED_SELECTOR = YES;
				GCC_WARN_UNINITIALIZED_AUTOS = YES_AGGRESSIVE;
				GCC_WARN_UNUSED_FUNCTION = YES;
				GCC_WARN_UNUSED_VARIABLE = YES;
				IPHONEOS_DEPLOYMENT_TARGET = 9.3;
				MTL_ENABLE_DEBUG_INFO = NO;
				SDKROOT = iphoneos;
				TARGETED_DEVICE_FAMILY = "1,2";
				VALIDATE_PRODUCT = YES;
			};
			name = Release;
		};
		843E025B1D1A3F8D00FD356A /* Debug */ = {
			isa = XCBuildConfiguration;
			buildSettings = {
				ASSETCATALOG_COMPILER_APPICON_NAME = AppIcon;
				ASSETCATALOG_COMPILER_LAUNCHIMAGE_NAME = "Brand Assets";
				INFOPLIST_FILE = "Swift 功能封装/Info.plist";
				LD_RUNPATH_SEARCH_PATHS = "$(inherited) @executable_path/Frameworks";
				PRODUCT_BUNDLE_IDENTIFIER = "----.Swift-----";
				PRODUCT_NAME = "$(TARGET_NAME)";
			};
			name = Debug;
		};
		843E025C1D1A3F8D00FD356A /* Release */ = {
			isa = XCBuildConfiguration;
			buildSettings = {
				ASSETCATALOG_COMPILER_APPICON_NAME = AppIcon;
				ASSETCATALOG_COMPILER_LAUNCHIMAGE_NAME = "Brand Assets";
				INFOPLIST_FILE = "Swift 功能封装/Info.plist";
				LD_RUNPATH_SEARCH_PATHS = "$(inherited) @executable_path/Frameworks";
				PRODUCT_BUNDLE_IDENTIFIER = "----.Swift-----";
				PRODUCT_NAME = "$(TARGET_NAME)";
			};
			name = Release;
		};
		843E025E1D1A3F8D00FD356A /* Debug */ = {
			isa = XCBuildConfiguration;
			buildSettings = {
				BUNDLE_LOADER = "$(TEST_HOST)";
				INFOPLIST_FILE = "Swift 功能封装Tests/Info.plist";
				LD_RUNPATH_SEARCH_PATHS = "$(inherited) @executable_path/Frameworks @loader_path/Frameworks";
				PRODUCT_BUNDLE_IDENTIFIER = "----.Swift-----Tests";
				PRODUCT_NAME = "$(TARGET_NAME)";
				TEST_HOST = "$(BUILT_PRODUCTS_DIR)/Swift 功能封装.app/Swift 功能封装";
			};
			name = Debug;
		};
		843E025F1D1A3F8D00FD356A /* Release */ = {
			isa = XCBuildConfiguration;
			buildSettings = {
				BUNDLE_LOADER = "$(TEST_HOST)";
				INFOPLIST_FILE = "Swift 功能封装Tests/Info.plist";
				LD_RUNPATH_SEARCH_PATHS = "$(inherited) @executable_path/Frameworks @loader_path/Frameworks";
				PRODUCT_BUNDLE_IDENTIFIER = "----.Swift-----Tests";
				PRODUCT_NAME = "$(TARGET_NAME)";
				TEST_HOST = "$(BUILT_PRODUCTS_DIR)/Swift 功能封装.app/Swift 功能封装";
			};
			name = Release;
		};
		843E02611D1A3F8D00FD356A /* Debug */ = {
			isa = XCBuildConfiguration;
			buildSettings = {
				INFOPLIST_FILE = "Swift 功能封装UITests/Info.plist";
				LD_RUNPATH_SEARCH_PATHS = "$(inherited) @executable_path/Frameworks @loader_path/Frameworks";
				PRODUCT_BUNDLE_IDENTIFIER = "----.Swift-----UITests";
				PRODUCT_NAME = "$(TARGET_NAME)";
				TEST_TARGET_NAME = "Swift 功能封装";
			};
			name = Debug;
		};
		843E02621D1A3F8D00FD356A /* Release */ = {
			isa = XCBuildConfiguration;
			buildSettings = {
				INFOPLIST_FILE = "Swift 功能封装UITests/Info.plist";
				LD_RUNPATH_SEARCH_PATHS = "$(inherited) @executable_path/Frameworks @loader_path/Frameworks";
				PRODUCT_BUNDLE_IDENTIFIER = "----.Swift-----UITests";
				PRODUCT_NAME = "$(TARGET_NAME)";
				TEST_TARGET_NAME = "Swift 功能封装";
			};
			name = Release;
		};
/* End XCBuildConfiguration section */

/* Begin XCConfigurationList section */
		843E022D1D1A3F8D00FD356A /* Build configuration list for PBXProject "Swift 功能封装" */ = {
			isa = XCConfigurationList;
			buildConfigurations = (
				843E02581D1A3F8D00FD356A /* Debug */,
				843E02591D1A3F8D00FD356A /* Release */,
			);
			defaultConfigurationIsVisible = 0;
			defaultConfigurationName = Release;
		};
		843E025A1D1A3F8D00FD356A /* Build configuration list for PBXNativeTarget "Swift 功能封装" */ = {
			isa = XCConfigurationList;
			buildConfigurations = (
				843E025B1D1A3F8D00FD356A /* Debug */,
				843E025C1D1A3F8D00FD356A /* Release */,
			);
			defaultConfigurationIsVisible = 0;
		};
		843E025D1D1A3F8D00FD356A /* Build configuration list for PBXNativeTarget "Swift 功能封装Tests" */ = {
			isa = XCConfigurationList;
			buildConfigurations = (
				843E025E1D1A3F8D00FD356A /* Debug */,
				843E025F1D1A3F8D00FD356A /* Release */,
			);
			defaultConfigurationIsVisible = 0;
		};
		843E02601D1A3F8D00FD356A /* Build configuration list for PBXNativeTarget "Swift 功能封装UITests" */ = {
			isa = XCConfigurationList;
			buildConfigurations = (
				843E02611D1A3F8D00FD356A /* Debug */,
				843E02621D1A3F8D00FD356A /* Release */,
			);
			defaultConfigurationIsVisible = 0;
		};
/* End XCConfigurationList section */
	};
	rootObject = 843E022A1D1A3F8D00FD356A /* Project object */;
}
